<?xml version="1.0" encoding="utf-8"?>
<Project ToolsVersion="4.0" xmlns="http://schemas.microsoft.com/developer/msbuild/2003">
  <ItemGroup>
    <Filter Include="Source Files">
      <UniqueIdentifier>{4FC737F1-C7A5-4376-A066-2A32D752A2FF}</UniqueIdentifier>
      <Extensions>cpp;c;cc;cxx;def;odl;idl;hpj;bat;asm;asmx</Extensions>
    </Filter>
    <Filter Include="Header Files">
      <UniqueIdentifier>{93995380-89BD-4b04-88EB-625FBE52EBFB}</UniqueIdentifier>
      <Extensions>h;hh;hpp;hxx;hm;inl;inc;xsd</Extensions>
    </Filter>
    <Filter Include="Resource Files">
      <UniqueIdentifier>{67DA6AB6-F800-4c08-8B7A-83BB121AAD01}</UniqueIdentifier>
      <Extensions>rc;ico;cur;bmp;dlg;rc2;rct;bin;rgs;gif;jpg;jpeg;jpe;resx;tiff;tif;png;wav;mfcribbon-ms</Extensions>
    </Filter>
    <Filter Include="Models">
      <UniqueIdentifier>{60f3e5d6-db7d-421e-a5e4-07ddedd87fd8}</UniqueIdentifier>
    </Filter>
    <Filter Include="Shaders">
      <UniqueIdentifier>{00d75eff-b6b6-415f-b505-dfd2b9b22a5a}</UniqueIdentifier>
    </Filter>
    <Filter Include="Scenes">
      <UniqueIdentifier>{a2c7ac78-5437-44f9-80c9-d5bbb2f4c0bb}</UniqueIdentifier>
    </Filter>
    <Filter Include="Scripts">
      <UniqueIdentifier>{1e61dcfc-5088-4f32-8909-40baf3060faf}</UniqueIdentifier>
    </Filter>
    <Filter Include="Prefabs">
      <UniqueIdentifier>{2cb3bec1-3486-446b-b271-ccd62d480a76}</UniqueIdentifier>
    </Filter>
  </ItemGroup>
  <ItemGroup>
    <ClCompile Include="..\..\source\main.cpp">
      <Filter>Source Files</Filter>
    </ClCompile>
  </ItemGroup>
  <ItemGroup>
    <None Include="..\..\assets\Models\cube.mdl">
      <Filter>Models</Filter>
    </None>
    <None Include="..\..\assets\Models\floor.mdl">
      <Filter>Models</Filter>
    </None>
    <None Include="..\..\assets\Models\raptor.mdl">
      <Filter>Models</Filter>
    </None>
    <None Include="..\..\assets\Scenes\scene1.scene">
      <Filter>Scenes</Filter>
    </None>
    <None Include="..\..\assets\Scenes\scenes.config">
      <Filter>Scenes</Filter>
    </None>
    <None Include="..\..\assets\Scripts\test.lua">
      <Filter>Scripts</Filter>
    </None>
    <None Include="..\..\assets\Scripts\raptor.lua">
      <Filter>Scripts</Filter>
    </None>
    <None Include="..\..\assets\Prefabs\cube.pfb">
      <Filter>Prefabs</Filter>
    </None>
    <None Include="..\..\assets\Prefabs\prefabs.master">
      <Filter>Prefabs</Filter>
    </None>
    <None Include="..\..\assets\Prefabs\floor.pfb">
      <Filter>Prefabs</Filter>
    </None>
    <None Include="..\..\assets\Models\models.config">
      <Filter>Models</Filter>
    </None>
    <None Include="..\..\assets\Scripts\rotate.lua">
      <Filter>Scripts</Filter>
    </None>
    <None Include="..\..\assets\Scripts\camera.lua">
      <Filter>Scripts</Filter>
    </None>
    <None Include="..\..\assets\Models\rail.mdl">
      <Filter>Models</Filter>
    </None>
    <None Include="..\..\assets\Prefabs\rail.pfb">
      <Filter>Prefabs</Filter>
    </None>
    <None Include="..\..\assets\Scripts\player.lua">
      <Filter>Scripts</Filter>
    </None>
    <None Include="..\..\assets\Prefabs\wall.pfb">
      <Filter>Prefabs</Filter>
    </None>
    <None Include="..\..\assets\Models\wall.mdl">
      <Filter>Models</Filter>
    </None>
    <None Include="..\..\assets\Models\brace.mdl">
      <Filter>Models</Filter>
    </None>
    <None Include="..\..\assets\Scripts\gemspawner.lua">
      <Filter>Scripts</Filter>
    </None>
    <None Include="..\..\assets\Prefabs\wallLeft.pfb">
      <Filter>Prefabs</Filter>
    </None>
    <None Include="..\..\assets\Prefabs\wallRight.pfb">
      <Filter>Prefabs</Filter>
    </None>
    <None Include="..\..\assets\Scripts\floor.lua">
      <Filter>Scripts</Filter>
    </None>
    <None Include="..\..\assets\Scripts\wall.lua">
      <Filter>Scripts</Filter>
    </None>
    <None Include="..\..\assets\Scripts\floorspawn.lua">
      <Filter>Scripts</Filter>
    </None>
    <None Include="..\..\assets\Prefabs\ceiling.pfb">
      <Filter>Prefabs</Filter>
    </None>
    <None Include="..\..\assets\Scripts\MineShaft.lua">
      <Filter>Scripts</Filter>
    </None>
    <None Include="..\..\assets\Scripts\Rail.lua">
      <Filter>Scripts</Filter>
    </None>
    <None Include="..\..\assets\Prefabs\GemRail.pfb">
      <Filter>Prefabs</Filter>
    </None>
    <None Include="..\..\assets\Prefabs\gem_red.pfb">
      <Filter>Prefabs</Filter>
    </None>
    <None Include="..\..\assets\Scripts\gem.lua">
      <Filter>Scripts</Filter>
    </None>
    <None Include="..\..\assets\Models\Wheel.mdl">
      <Filter>Models</Filter>
    </None>
    <None Include="BrokenRail.mdl">
      <Filter>Models</Filter>
    </None>
    <None Include="..\..\assets\Prefabs\BrokenRail.pfb">
      <Filter>Prefabs</Filter>
    </None>
    <None Include="..\..\assets\Scripts\SpeedBoost.lua">
      <Filter>Scripts</Filter>
    </None>
    <None Include="..\..\assets\Prefabs\mineSection.pfb">
      <Filter>Prefabs</Filter>
    </None>
    <None Include="..\..\assets\Prefabs\SpeedBoostRail.pfb">
      <Filter>Prefabs</Filter>
    </None>
    <None Include="..\..\assets\Scripts\Hazard.lua">
      <Filter>Scripts</Filter>
    </None>
    <None Include="..\..\assets\Models\gem_red.mdl">
      <Filter>Models</Filter>
    </None>
    <None Include="..\..\assets\Scripts\MineSection.lua">
      <Filter>Scripts</Filter>
    </None>
    <None Include="..\..\assets\Scripts\game.lua">
      <Filter>Scripts</Filter>
    </None>
    <None Include="..\..\assets\Scripts\pause.lua">
      <Filter>Scripts</Filter>
    </None>
    <None Include="..\..\assets\Scenes\GameOver.scene">
      <Filter>Scenes</Filter>
    </None>
    <None Include="..\..\assets\Scripts\GameOver.lua">
      <Filter>Scripts</Filter>
    </None>
  </ItemGroup>
  <ItemGroup>
    <FxCompile Include="..\..\assets\Shaders\DirectX\Model_VS.hlsl">
      <Filter>Shaders</Filter>
    </FxCompile>
    <FxCompile Include="..\..\assets\Shaders\DirectX\PixelShader.hlsl">
      <Filter>Shaders</Filter>
    </FxCompile>
    <FxCompile Include="..\..\assets\Shaders\DirectX\SpriteBatch_PS.hlsl">
      <Filter>Shaders</Filter>
    </FxCompile>
    <FxCompile Include="..\..\assets\Shaders\DirectX\SpriteBatch_VS.hlsl">
      <Filter>Shaders</Filter>
    </FxCompile>
    <FxCompile Include="..\..\assets\Shaders\DirectX\VertexShader.hlsl">
      <Filter>Shaders</Filter>
    </FxCompile>
    <FxCompile Include="..\..\assets\Shaders\DirectX\Model_Untextured_PS.hlsl">
      <Filter>Shaders</Filter>
    </FxCompile>
    <FxCompile Include="..\..\assets\Shaders\DirectX\Model_Textured_PS.hlsl">
      <Filter>Shaders</Filter>
    </FxCompile>
  </ItemGroup>
  <ItemGroup>
    <Xml Include="..\..\assets\Models\minecart.mdl">
      <Filter>Models</Filter>
    </Xml>
  </ItemGroup>
  <ItemGroup>
    <ClInclude Include="resource.h">
      <Filter>Header Files</Filter>
    </ClInclude>
  </ItemGroup>
  <ItemGroup>
    <ResourceCompile Include="EndlessRunner.rc">
      <Filter>Resource Files</Filter>
    </ResourceCompile>
  </ItemGroup>
</Project>